
Microsoft Visual Studio Solution File, Format Version 12.00
# Visual Studio Version 17
VisualStudioVersion = 17.11.35327.3
MinimumVisualStudioVersion = 10.0.40219.1
Project("{FAE04EC0-301F-11D3-BF4B-00C04F79EFBC}") = "lab11", "lab11\lab11.csproj", "{D5E78E95-2777-4877-BF37-A099D0492886}"
EndProject
Project("{FAE04EC0-301F-11D3-BF4B-00C04F79EFBC}") = "ClassLibararyLab10", "ClassLibararyLab10\ClassLibararyLab10.csproj", "{A7B23DDF-857D-41D6-8C4E-C6A96E1C8C38}"
EndProject
Global
	GlobalSection(SolutionConfigurationPlatforms) = preSolution
		Debug|Any CPU = Debug|Any CPU
		Release|Any CPU = Release|Any CPU
	EndGlobalSection
	GlobalSection(ProjectConfigurationPlatforms) = postSolution
		{D5E78E95-2777-4877-BF37-A099D0492886}.Debug|Any CPU.ActiveCfg = Debug|Any CPU
		{D5E78E95-2777-4877-BF37-A099D0492886}.Debug|Any CPU.Build.0 = Debug|Any CPU
		{D5E78E95-2777-4877-BF37-A099D0492886}.Release|Any CPU.ActiveCfg = Release|Any CPU
		{D5E78E95-2777-4877-BF37-A099D0492886}.Release|Any CPU.Build.0 = Release|Any CPU
		{A7B23DDF-857D-41D6-8C4E-C6A96E1C8C38}.Debug|Any CPU.ActiveCfg = Debug|Any CPU
		{A7B23DDF-857D-41D6-8C4E-C6A96E1C8C38}.Debug|Any CPU.Build.0 = Debug|Any CPU
		{A7B23DDF-857D-41D6-8C4E-C6A96E1C8C38}.Release|Any CPU.ActiveCfg = Release|Any CPU
		{A7B23DDF-857D-41D6-8C4E-C6A96E1C8C38}.Release|Any CPU.Build.0 = Release|Any CPU
	EndGlobalSection
	GlobalSection(SolutionProperties) = preSolution
		HideSolutionNode = FALSE
	EndGlobalSection
	GlobalSection(ExtensibilityGlobals) = postSolution
		SolutionGuid = {1C93D3DA-A9E8-47F4-923B-5EDC1C06BB46}
	EndGlobalSection
EndGlobal
